
Microsoft Visual Studio Solution File, Format Version 12.00
# Visual Studio Version 17
VisualStudioVersion = 17.4.33213.308
MinimumVisualStudioVersion = 10.0.40219.1
Project("{FAE04EC0-301F-11D3-BF4B-00C04F79EFBC}") = "ex POO 2'", "ex POO 2'\ex POO 2'.csproj", "{AB2AF028-65F3-45FC-9DF8-7C92FD54E52F}"
EndProject
Global
	GlobalSection(SolutionConfigurationPlatforms) = preSolution
		Debug|Any CPU = Debug|Any CPU
		Release|Any CPU = Release|Any CPU
	EndGlobalSection
	GlobalSection(ProjectConfigurationPlatforms) = postSolution
		{AB2AF028-65F3-45FC-9DF8-7C92FD54E52F}.Debug|Any CPU.ActiveCfg = Debug|Any CPU
		{AB2AF028-65F3-45FC-9DF8-7C92FD54E52F}.Debug|Any CPU.Build.0 = Debug|Any CPU
		{AB2AF028-65F3-45FC-9DF8-7C92FD54E52F}.Release|Any CPU.ActiveCfg = Release|Any CPU
		{AB2AF028-65F3-45FC-9DF8-7C92FD54E52F}.Release|Any CPU.Build.0 = Release|Any CPU
	EndGlobalSection
	GlobalSection(SolutionProperties) = preSolution
		HideSolutionNode = FALSE
	EndGlobalSection
	GlobalSection(ExtensibilityGlobals) = postSolution
		SolutionGuid = {F25EEF7F-D6FC-4888-9144-00054A6F5524}
	EndGlobalSection
EndGlobal
